
Microsoft Visual Studio Solution File, Format Version 12.00
# Visual Studio 15
VisualStudioVersion = 15.0.28010.2041
MinimumVisualStudioVersion = 10.0.40219.1
Project("{FAE04EC0-301F-11D3-BF4B-00C04F79EFBC}") = "Huntertheword", "Huntertheword\Huntertheword.csproj", "{F08FAD6E-3F0B-440D-9E78-CBB3D6A83F9F}"
EndProject
Global
	GlobalSection(SolutionConfigurationPlatforms) = preSolution
		Debug|Any CPU = Debug|Any CPU
		Release|Any CPU = Release|Any CPU
	EndGlobalSection
	GlobalSection(ProjectConfigurationPlatforms) = postSolution
		{F08FAD6E-3F0B-440D-9E78-CBB3D6A83F9F}.Debug|Any CPU.ActiveCfg = Debug|Any CPU
		{F08FAD6E-3F0B-440D-9E78-CBB3D6A83F9F}.Debug|Any CPU.Build.0 = Debug|Any CPU
		{F08FAD6E-3F0B-440D-9E78-CBB3D6A83F9F}.Release|Any CPU.ActiveCfg = Release|Any CPU
		{F08FAD6E-3F0B-440D-9E78-CBB3D6A83F9F}.Release|Any CPU.Build.0 = Release|Any CPU
	EndGlobalSection
	GlobalSection(SolutionProperties) = preSolution
		HideSolutionNode = FALSE
	EndGlobalSection
	GlobalSection(ExtensibilityGlobals) = postSolution
		SolutionGuid = {033C7FBB-52CE-4EE3-8542-7AB727314C48}
	EndGlobalSection
EndGlobal
